
Microsoft Visual Studio Solution File, Format Version 12.00
# Visual Studio Version 17
VisualStudioVersion = 17.1.32414.318
MinimumVisualStudioVersion = 10.0.40219.1
Project("{FAE04EC0-301F-11D3-BF4B-00C04F79EFBC}") = "Task2", "Task2\Task2.csproj", "{87234480-C06B-46A0-AA46-246269D3238F}"
EndProject
Global
	GlobalSection(SolutionConfigurationPlatforms) = preSolution
		Debug|Any CPU = Debug|Any CPU
		Release|Any CPU = Release|Any CPU
	EndGlobalSection
	GlobalSection(ProjectConfigurationPlatforms) = postSolution
		{87234480-C06B-46A0-AA46-246269D3238F}.Debug|Any CPU.ActiveCfg = Debug|Any CPU
		{87234480-C06B-46A0-AA46-246269D3238F}.Debug|Any CPU.Build.0 = Debug|Any CPU
		{87234480-C06B-46A0-AA46-246269D3238F}.Release|Any CPU.ActiveCfg = Release|Any CPU
		{87234480-C06B-46A0-AA46-246269D3238F}.Release|Any CPU.Build.0 = Release|Any CPU
	EndGlobalSection
	GlobalSection(SolutionProperties) = preSolution
		HideSolutionNode = FALSE
	EndGlobalSection
	GlobalSection(ExtensibilityGlobals) = postSolution
		SolutionGuid = {EFF3B5FF-7FC4-43B3-8AEA-D13E57DE421E}
	EndGlobalSection
EndGlobal
